
Microsoft Visual Studio Solution File, Format Version 12.00
Project("{FAE04EC0-301F-11D3-BF4B-00C04F79EFBC}") = "InterfaceTests", "InterfaceTests\InterfaceTests.csproj", "{12D395FC-857D-496C-ABF4-1D503C2625FF}"
EndProject
Global
	GlobalSection(SolutionConfigurationPlatforms) = preSolution
		Debug|Any CPU = Debug|Any CPU
		Release|Any CPU = Release|Any CPU
	EndGlobalSection
	GlobalSection(ProjectConfigurationPlatforms) = postSolution
		{12D395FC-857D-496C-ABF4-1D503C2625FF}.Debug|Any CPU.ActiveCfg = Debug|Any CPU
		{12D395FC-857D-496C-ABF4-1D503C2625FF}.Debug|Any CPU.Build.0 = Debug|Any CPU
		{12D395FC-857D-496C-ABF4-1D503C2625FF}.Release|Any CPU.ActiveCfg = Release|Any CPU
		{12D395FC-857D-496C-ABF4-1D503C2625FF}.Release|Any CPU.Build.0 = Release|Any CPU
	EndGlobalSection
EndGlobal
